{"version":4,"terraform_version":"1.9.0","serial":4,"lineage":"183455f4-66e9-2137-a1e1-20a69cb2d72b","outputs":{},"resources":[{"mode":"managed","type":"proxmox_vm_qemu","name":"vm","provider":"provider[\"registry.opentofu.org/telmate/proxmox\"]","instances":[{"index_key":"srv-prod-node01","status":"tainted","schema_version":0,"attributes":{"additional_wait":5,"agent":1,"agent_timeout":null,"args":null,"automatic_reboot":true,"balloon":0,"bios":"seabios","boot":null,"bootdisk":null,"ci_wait":null,"cicustom":null,"cipassword":null,"ciupgrade":false,"ciuser":"agluck","clone":"ubuntu-2404-cloudinit-template","clone_id":null,"clone_wait":10,"cores":4,"cpu":null,"cpu_type":"host","default_ipv4_address":null,"default_ipv6_address":null,"define_connection_info":true,"desc":"Managed by Terraform.","disk":[{"asyncio":"","backup":true,"cache":"","discard":false,"disk_file":"","emulatessd":false,"format":"","id":0,"iops_r_burst":0,"iops_r_burst_length":0,"iops_r_concurrent":0,"iops_wr_burst":0,"iops_wr_burst_length":0,"iops_wr_concurrent":0,"iothread":false,"iso":"","linked_disk_id":0,"mbps_r_burst":0,"mbps_r_concurrent":0,"mbps_wr_burst":0,"mbps_wr_concurrent":0,"passthrough":false,"readonly":false,"replicate":false,"serial":"","size":"30G","slot":"scsi0","storage":"fast-storage","type":"disk","wwn":""}],"disks":[],"efidisk":[],"force_create":false,"force_recreate_on_change_of":null,"full_clone":true,"hagroup":null,"hastate":null,"hostpci":[],"hotplug":"network,disk,usb","id":"pve-main/qemu/500","ipconfig0":"ip=10.10.1.26/24,gw=10.10.1.1","ipconfig1":null,"ipconfig10":null,"ipconfig11":null,"ipconfig12":null,"ipconfig13":null,"ipconfig14":null,"ipconfig15":null,"ipconfig2":null,"ipconfig3":null,"ipconfig4":null,"ipconfig5":null,"ipconfig6":null,"ipconfig7":null,"ipconfig8":null,"ipconfig9":null,"kvm":true,"linked_vmid":null,"machine":null,"memory":4096,"name":"srv-prod-node01","nameserver":null,"network":[{"bridge":"nat","firewall":false,"id":0,"link_down":false,"macaddr":"","model":"virtio","mtu":0,"queues":0,"rate":0,"tag":0}],"numa":null,"onboot":true,"os_network_config":null,"os_type":"cloud-init","pci":[],"pcis":[],"pool":null,"protection":false,"pxe":null,"qemu_os":null,"reboot_required":null,"scsihw":"lsi","searchdomain":null,"serial":[],"skip_ipv4":false,"skip_ipv6":false,"smbios":null,"sockets":1,"ssh_forward_ip":null,"ssh_host":null,"ssh_port":null,"ssh_private_key":null,"ssh_user":null,"sshkeys":"","startup":null,"tablet":true,"tags":null,"target_node":"pve-main","target_nodes":null,"timeouts":null,"unused_disk":null,"usb":[],"usbs":[],"vcpus":0,"vga":[],"vm_state":"running","vmid":500},"sensitive_attributes":[[{"type":"get_attr","value":"cipassword"}],[{"type":"get_attr","value":"ssh_private_key"}]],"private":"eyJlMmJmYjczMC1lY2FhLTExZTYtOGY4OC0zNDM2M2JjN2M0YzAiOnsiY3JlYXRlIjoxMjAwMDAwMDAwMDAwLCJkZWZhdWx0IjoxMjAwMDAwMDAwMDAwLCJkZWxldGUiOjEyMDAwMDAwMDAwMDAsInJlYWQiOjEyMDAwMDAwMDAwMDAsInVwZGF0ZSI6MTIwMDAwMDAwMDAwMH19"},{"index_key":"srv-prod-node02","status":"tainted","schema_version":0,"attributes":{"additional_wait":5,"agent":1,"agent_timeout":null,"args":null,"automatic_reboot":true,"balloon":0,"bios":"seabios","boot":null,"bootdisk":null,"ci_wait":null,"cicustom":null,"cipassword":null,"ciupgrade":false,"ciuser":"agluck","clone":"ubuntu-2404-cloudinit-template","clone_id":null,"clone_wait":10,"cores":4,"cpu":null,"cpu_type":"host","default_ipv4_address":null,"default_ipv6_address":null,"define_connection_info":true,"desc":"Managed by Terraform.","disk":[{"asyncio":"","backup":true,"cache":"","discard":false,"disk_file":"","emulatessd":false,"format":"","id":0,"iops_r_burst":0,"iops_r_burst_length":0,"iops_r_concurrent":0,"iops_wr_burst":0,"iops_wr_burst_length":0,"iops_wr_concurrent":0,"iothread":false,"iso":"","linked_disk_id":0,"mbps_r_burst":0,"mbps_r_concurrent":0,"mbps_wr_burst":0,"mbps_wr_concurrent":0,"passthrough":false,"readonly":false,"replicate":false,"serial":"","size":"30G","slot":"scsi0","storage":"fast-storage","type":"disk","wwn":""}],"disks":[],"efidisk":[],"force_create":false,"force_recreate_on_change_of":null,"full_clone":true,"hagroup":null,"hastate":null,"hostpci":[],"hotplug":"network,disk,usb","id":"pve-main/qemu/501","ipconfig0":"ip=10.10.1.27/24,gw=10.10.1.1","ipconfig1":null,"ipconfig10":null,"ipconfig11":null,"ipconfig12":null,"ipconfig13":null,"ipconfig14":null,"ipconfig15":null,"ipconfig2":null,"ipconfig3":null,"ipconfig4":null,"ipconfig5":null,"ipconfig6":null,"ipconfig7":null,"ipconfig8":null,"ipconfig9":null,"kvm":true,"linked_vmid":null,"machine":null,"memory":4096,"name":"srv-prod-node02","nameserver":null,"network":[{"bridge":"nat","firewall":false,"id":0,"link_down":false,"macaddr":"","model":"virtio","mtu":0,"queues":0,"rate":0,"tag":0}],"numa":null,"onboot":true,"os_network_config":null,"os_type":"cloud-init","pci":[],"pcis":[],"pool":null,"protection":false,"pxe":null,"qemu_os":null,"reboot_required":null,"scsihw":"lsi","searchdomain":null,"serial":[],"skip_ipv4":false,"skip_ipv6":false,"smbios":null,"sockets":1,"ssh_forward_ip":null,"ssh_host":null,"ssh_port":null,"ssh_private_key":null,"ssh_user":null,"sshkeys":"","startup":null,"tablet":true,"tags":null,"target_node":"pve-main","target_nodes":null,"timeouts":null,"unused_disk":null,"usb":[],"usbs":[],"vcpus":0,"vga":[],"vm_state":"running","vmid":501},"sensitive_attributes":[[{"type":"get_attr","value":"cipassword"}],[{"type":"get_attr","value":"ssh_private_key"}]],"private":"eyJlMmJmYjczMC1lY2FhLTExZTYtOGY4OC0zNDM2M2JjN2M0YzAiOnsiY3JlYXRlIjoxMjAwMDAwMDAwMDAwLCJkZWZhdWx0IjoxMjAwMDAwMDAwMDAwLCJkZWxldGUiOjEyMDAwMDAwMDAwMDAsInJlYWQiOjEyMDAwMDAwMDAwMDAsInVwZGF0ZSI6MTIwMDAwMDAwMDAwMH19"},{"index_key":"srv-prod-node03","status":"tainted","schema_version":0,"attributes":{"additional_wait":5,"agent":1,"agent_timeout":null,"args":null,"automatic_reboot":true,"balloon":0,"bios":"seabios","boot":null,"bootdisk":null,"ci_wait":null,"cicustom":null,"cipassword":null,"ciupgrade":false,"ciuser":"agluck","clone":"ubuntu-2404-cloudinit-template","clone_id":null,"clone_wait":10,"cores":4,"cpu":null,"cpu_type":"host","default_ipv4_address":null,"default_ipv6_address":null,"define_connection_info":true,"desc":"Managed by Terraform.","disk":[{"asyncio":"","backup":true,"cache":"","discard":false,"disk_file":"","emulatessd":false,"format":"","id":0,"iops_r_burst":0,"iops_r_burst_length":0,"iops_r_concurrent":0,"iops_wr_burst":0,"iops_wr_burst_length":0,"iops_wr_concurrent":0,"iothread":false,"iso":"","linked_disk_id":0,"mbps_r_burst":0,"mbps_r_concurrent":0,"mbps_wr_burst":0,"mbps_wr_concurrent":0,"passthrough":false,"readonly":false,"replicate":false,"serial":"","size":"30G","slot":"scsi0","storage":"fast-storage","type":"disk","wwn":""}],"disks":[],"efidisk":[],"force_create":false,"force_recreate_on_change_of":null,"full_clone":true,"hagroup":null,"hastate":null,"hostpci":[],"hotplug":"network,disk,usb","id":"pve-main/qemu/502","ipconfig0":"ip=10.10.1.28/24,gw=10.10.1.1","ipconfig1":null,"ipconfig10":null,"ipconfig11":null,"ipconfig12":null,"ipconfig13":null,"ipconfig14":null,"ipconfig15":null,"ipconfig2":null,"ipconfig3":null,"ipconfig4":null,"ipconfig5":null,"ipconfig6":null,"ipconfig7":null,"ipconfig8":null,"ipconfig9":null,"kvm":true,"linked_vmid":null,"machine":null,"memory":4096,"name":"srv-prod-node03","nameserver":null,"network":[{"bridge":"nat","firewall":false,"id":0,"link_down":false,"macaddr":"","model":"virtio","mtu":0,"queues":0,"rate":0,"tag":0}],"numa":null,"onboot":true,"os_network_config":null,"os_type":"cloud-init","pci":[],"pcis":[],"pool":null,"protection":false,"pxe":null,"qemu_os":null,"reboot_required":null,"scsihw":"lsi","searchdomain":null,"serial":[],"skip_ipv4":false,"skip_ipv6":false,"smbios":null,"sockets":1,"ssh_forward_ip":null,"ssh_host":null,"ssh_port":null,"ssh_private_key":null,"ssh_user":null,"sshkeys":"","startup":null,"tablet":true,"tags":null,"target_node":"pve-main","target_nodes":null,"timeouts":null,"unused_disk":null,"usb":[],"usbs":[],"vcpus":0,"vga":[],"vm_state":"running","vmid":502},"sensitive_attributes":[[{"type":"get_attr","value":"cipassword"}],[{"type":"get_attr","value":"ssh_private_key"}]],"private":"eyJlMmJmYjczMC1lY2FhLTExZTYtOGY4OC0zNDM2M2JjN2M0YzAiOnsiY3JlYXRlIjoxMjAwMDAwMDAwMDAwLCJkZWZhdWx0IjoxMjAwMDAwMDAwMDAwLCJkZWxldGUiOjEyMDAwMDAwMDAwMDAsInJlYWQiOjEyMDAwMDAwMDAwMDAsInVwZGF0ZSI6MTIwMDAwMDAwMDAwMH19"}]}],"check_results":null}
